
Microsoft Visual Studio Solution File, Format Version 12.00
# Visual Studio 15
VisualStudioVersion = 15.0.26403.7
MinimumVisualStudioVersion = 10.0.40219.1
Project("{FAE04EC0-301F-11D3-BF4B-00C04F79EFBC}") = "MyProducts.WebApp", "MyProducts.WebApp\MyProducts.WebApp.csproj", "{2444F385-73A3-4117-9E31-4E1268AA13AF}"
EndProject
Project("{FAE04EC0-301F-11D3-BF4B-00C04F79EFBC}") = "MyProducts.AdminSite", "MyProducts.AdminSite\MyProducts.AdminSite.csproj", "{0353E90F-EEF8-4F8B-830C-7CA2D8D70E16}"
EndProject
Project("{FAE04EC0-301F-11D3-BF4B-00C04F79EFBC}") = "MyProducts.WebAPIService", "MyProducts.WebAPIService\MyProducts.WebAPIService.csproj", "{FE14E8D3-0E2D-4626-A8CA-81653F186E9C}"
EndProject
Global
	GlobalSection(SolutionConfigurationPlatforms) = preSolution
		Debug|Any CPU = Debug|Any CPU
		Release|Any CPU = Release|Any CPU
	EndGlobalSection
	GlobalSection(ProjectConfigurationPlatforms) = postSolution
		{2444F385-73A3-4117-9E31-4E1268AA13AF}.Debug|Any CPU.ActiveCfg = Debug|Any CPU
		{2444F385-73A3-4117-9E31-4E1268AA13AF}.Debug|Any CPU.Build.0 = Debug|Any CPU
		{2444F385-73A3-4117-9E31-4E1268AA13AF}.Release|Any CPU.ActiveCfg = Release|Any CPU
		{2444F385-73A3-4117-9E31-4E1268AA13AF}.Release|Any CPU.Build.0 = Release|Any CPU
		{0353E90F-EEF8-4F8B-830C-7CA2D8D70E16}.Debug|Any CPU.ActiveCfg = Debug|Any CPU
		{0353E90F-EEF8-4F8B-830C-7CA2D8D70E16}.Debug|Any CPU.Build.0 = Debug|Any CPU
		{0353E90F-EEF8-4F8B-830C-7CA2D8D70E16}.Release|Any CPU.ActiveCfg = Release|Any CPU
		{0353E90F-EEF8-4F8B-830C-7CA2D8D70E16}.Release|Any CPU.Build.0 = Release|Any CPU
		{FE14E8D3-0E2D-4626-A8CA-81653F186E9C}.Debug|Any CPU.ActiveCfg = Debug|Any CPU
		{FE14E8D3-0E2D-4626-A8CA-81653F186E9C}.Debug|Any CPU.Build.0 = Debug|Any CPU
		{FE14E8D3-0E2D-4626-A8CA-81653F186E9C}.Release|Any CPU.ActiveCfg = Release|Any CPU
		{FE14E8D3-0E2D-4626-A8CA-81653F186E9C}.Release|Any CPU.Build.0 = Release|Any CPU
	EndGlobalSection
	GlobalSection(SolutionProperties) = preSolution
		HideSolutionNode = FALSE
	EndGlobalSection
EndGlobal
